// !$*UTF8*$!
{
	archiveVersion = 1;
	classes = {
	};
	objectVersion = 51;
	objects = {

/* Begin PBXBuildFile section */
		863232CD257D733C00514F5A /* AppDelegate.swift in Sources */ = {isa = PBXBuildFile; fileRef = 863232CC257D733C00514F5A /* AppDelegate.swift */; };
		863232D1257D733C00514F5A /* ViewController.swift in Sources */ = {isa = PBXBuildFile; fileRef = 863232D0257D733C00514F5A /* ViewController.swift */; };
		863232D4257D733C00514F5A /* Main.storyboard in Resources */ = {isa = PBXBuildFile; fileRef = 863232D2257D733C00514F5A /* Main.storyboard */; };
		863232D6257D733D00514F5A /* Assets.xcassets in Resources */ = {isa = PBXBuildFile; fileRef = 863232D5257D733D00514F5A /* Assets.xcassets */; };
		863232D9257D733D00514F5A /* LaunchScreen.storyboard in Resources */ = {isa = PBXBuildFile; fileRef = 863232D7257D733D00514F5A /* LaunchScreen.storyboard */; };
		863232F6257D7BB700514F5A /* APIManager.swift in Sources */ = {isa = PBXBuildFile; fileRef = 863232F5257D7BB700514F5A /* APIManager.swift */; };
		863232F9257D7BE300514F5A /* APIRouter.swift in Sources */ = {isa = PBXBuildFile; fileRef = 863232F8257D7BE300514F5A /* APIRouter.swift */; };
		863232FC257D82DB00514F5A /* Constants.swift in Sources */ = {isa = PBXBuildFile; fileRef = 863232FB257D82DB00514F5A /* Constants.swift */; };
		863232FF257D835F00514F5A /* UserDefaultsManager.swift in Sources */ = {isa = PBXBuildFile; fileRef = 863232FE257D835F00514F5A /* UserDefaultsManager.swift */; };
		86323302257D83A400514F5A /* ValidatorManager.swift in Sources */ = {isa = PBXBuildFile; fileRef = 86323301257D83A400514F5A /* ValidatorManager.swift */; };
		86323305257D83DA00514F5A /* HttpBody.swift in Sources */ = {isa = PBXBuildFile; fileRef = 86323304257D83DA00514F5A /* HttpBody.swift */; };
		8632330F257D86A000514F5A /* UIViewController+Alert.swift in Sources */ = {isa = PBXBuildFile; fileRef = 8632330E257D86A000514F5A /* UIViewController+Alert.swift */; };
		86323312257D86BE00514F5A /* UIView+Loader.swift in Sources */ = {isa = PBXBuildFile; fileRef = 86323311257D86BE00514F5A /* UIView+Loader.swift */; };
		86323315257D86EA00514F5A /* String+trimming.swift in Sources */ = {isa = PBXBuildFile; fileRef = 86323314257D86EA00514F5A /* String+trimming.swift */; };
		86323318257D878A00514F5A /* UIViewController+Storyboard.swift in Sources */ = {isa = PBXBuildFile; fileRef = 86323317257D878A00514F5A /* UIViewController+Storyboard.swift */; };
		B7E6D5DC1F585871719B5F3D /* Pods_IDEHospital.framework in Frameworks */ = {isa = PBXBuildFile; fileRef = D0BDB737E5E4140C2CAB0880 /* Pods_IDEHospital.framework */; };
/* End PBXBuildFile section */

/* Begin PBXFileReference section */
		7A1613DADFF92904C35C9FE2 /* Pods-IDEHospital.release.xcconfig */ = {isa = PBXFileReference; includeInIndex = 1; lastKnownFileType = text.xcconfig; name = "Pods-IDEHospital.release.xcconfig"; path = "Target Support Files/Pods-IDEHospital/Pods-IDEHospital.release.xcconfig"; sourceTree = "<group>"; };
		863232C9257D733C00514F5A /* IDEHospital.app */ = {isa = PBXFileReference; explicitFileType = wrapper.application; includeInIndex = 0; path = IDEHospital.app; sourceTree = BUILT_PRODUCTS_DIR; };
		863232CC257D733C00514F5A /* AppDelegate.swift */ = {isa = PBXFileReference; lastKnownFileType = sourcecode.swift; path = AppDelegate.swift; sourceTree = "<group>"; };
		863232D0257D733C00514F5A /* ViewController.swift */ = {isa = PBXFileReference; lastKnownFileType = sourcecode.swift; path = ViewController.swift; sourceTree = "<group>"; };
		863232D3257D733C00514F5A /* Base */ = {isa = PBXFileReference; lastKnownFileType = file.storyboard; name = Base; path = Base.lproj/Main.storyboard; sourceTree = "<group>"; };
		863232D5257D733D00514F5A /* Assets.xcassets */ = {isa = PBXFileReference; lastKnownFileType = folder.assetcatalog; path = Assets.xcassets; sourceTree = "<group>"; };
		863232D8257D733D00514F5A /* Base */ = {isa = PBXFileReference; lastKnownFileType = file.storyboard; name = Base; path = Base.lproj/LaunchScreen.storyboard; sourceTree = "<group>"; };
		863232DA257D733D00514F5A /* Info.plist */ = {isa = PBXFileReference; lastKnownFileType = text.plist.xml; path = Info.plist; sourceTree = "<group>"; };
		863232F5257D7BB700514F5A /* APIManager.swift */ = {isa = PBXFileReference; lastKnownFileType = sourcecode.swift; path = APIManager.swift; sourceTree = "<group>"; };
		863232F8257D7BE300514F5A /* APIRouter.swift */ = {isa = PBXFileReference; lastKnownFileType = sourcecode.swift; path = APIRouter.swift; sourceTree = "<group>"; };
		863232FB257D82DB00514F5A /* Constants.swift */ = {isa = PBXFileReference; lastKnownFileType = sourcecode.swift; path = Constants.swift; sourceTree = "<group>"; };
		863232FE257D835F00514F5A /* UserDefaultsManager.swift */ = {isa = PBXFileReference; lastKnownFileType = sourcecode.swift; path = UserDefaultsManager.swift; sourceTree = "<group>"; };
		86323301257D83A400514F5A /* ValidatorManager.swift */ = {isa = PBXFileReference; lastKnownFileType = sourcecode.swift; path = ValidatorManager.swift; sourceTree = "<group>"; };
		86323304257D83DA00514F5A /* HttpBody.swift */ = {isa = PBXFileReference; lastKnownFileType = sourcecode.swift; path = HttpBody.swift; sourceTree = "<group>"; };
		8632330E257D86A000514F5A /* UIViewController+Alert.swift */ = {isa = PBXFileReference; lastKnownFileType = sourcecode.swift; path = "UIViewController+Alert.swift"; sourceTree = "<group>"; };
		86323311257D86BE00514F5A /* UIView+Loader.swift */ = {isa = PBXFileReference; lastKnownFileType = sourcecode.swift; path = "UIView+Loader.swift"; sourceTree = "<group>"; };
		86323314257D86EA00514F5A /* String+trimming.swift */ = {isa = PBXFileReference; lastKnownFileType = sourcecode.swift; path = "String+trimming.swift"; sourceTree = "<group>"; };
		86323317257D878A00514F5A /* UIViewController+Storyboard.swift */ = {isa = PBXFileReference; lastKnownFileType = sourcecode.swift; path = "UIViewController+Storyboard.swift"; sourceTree = "<group>"; };
		D0BDB737E5E4140C2CAB0880 /* Pods_IDEHospital.framework */ = {isa = PBXFileReference; explicitFileType = wrapper.framework; includeInIndex = 0; path = Pods_IDEHospital.framework; sourceTree = BUILT_PRODUCTS_DIR; };
		EB534F8EC6442A45ACC19CEC /* Pods-IDEHospital.debug.xcconfig */ = {isa = PBXFileReference; includeInIndex = 1; lastKnownFileType = text.xcconfig; name = "Pods-IDEHospital.debug.xcconfig"; path = "Target Support Files/Pods-IDEHospital/Pods-IDEHospital.debug.xcconfig"; sourceTree = "<group>"; };
/* End PBXFileReference section */

/* Begin PBXFrameworksBuildPhase section */
		863232C6257D733C00514F5A /* Frameworks */ = {
			isa = PBXFrameworksBuildPhase;
			buildActionMask = 2147483647;
			files = (
				B7E6D5DC1F585871719B5F3D /* Pods_IDEHospital.framework in Frameworks */,
			);
			runOnlyForDeploymentPostprocessing = 0;
		};
/* End PBXFrameworksBuildPhase section */

/* Begin PBXGroup section */
		196F16B6F1B65AB1579EB1A0 /* Pods */ = {
			isa = PBXGroup;
			children = (
				EB534F8EC6442A45ACC19CEC /* Pods-IDEHospital.debug.xcconfig */,
				7A1613DADFF92904C35C9FE2 /* Pods-IDEHospital.release.xcconfig */,
			);
			path = Pods;
			sourceTree = "<group>";
		};
		47103EAC9B238CBF1AB0CD04 /* Frameworks */ = {
			isa = PBXGroup;
			children = (
				D0BDB737E5E4140C2CAB0880 /* Pods_IDEHospital.framework */,
			);
			name = Frameworks;
			sourceTree = "<group>";
		};
		86285186257FBC470059122F /* New Group */ = {
			isa = PBXGroup;
			children = (
			);
			path = "New Group";
			sourceTree = "<group>";
		};
		863232C0257D733C00514F5A = {
			isa = PBXGroup;
			children = (
				863232CB257D733C00514F5A /* IDEHospital */,
				863232CA257D733C00514F5A /* Products */,
				196F16B6F1B65AB1579EB1A0 /* Pods */,
				47103EAC9B238CBF1AB0CD04 /* Frameworks */,
			);
			sourceTree = "<group>";
		};
		863232CA257D733C00514F5A /* Products */ = {
			isa = PBXGroup;
			children = (
				863232C9257D733C00514F5A /* IDEHospital.app */,
			);
			name = Products;
			sourceTree = "<group>";
		};
		863232CB257D733C00514F5A /* IDEHospital */ = {
			isa = PBXGroup;
			children = (
				86285186257FBC470059122F /* New Group */,
				863232E1257D734E00514F5A /* Shared */,
				863232E2257D738900514F5A /* Networking */,
				863232E7257D73F700514F5A /* Managers */,
				863232E3257D739500514F5A /* Utilities */,
				863232E4257D73B300514F5A /* Extensions */,
				863232E6257D73DF00514F5A /* Model */,
				863232E9257D74ED00514F5A /* View */,
				863232E8257D742200514F5A /* ViewModel */,
				863232EA257D758200514F5A /* Resources */,
				863232DA257D733D00514F5A /* Info.plist */,
			);
			path = IDEHospital;
			sourceTree = "<group>";
		};
		863232E1257D734E00514F5A /* Shared */ = {
			isa = PBXGroup;
			children = (
				863232CC257D733C00514F5A /* AppDelegate.swift */,
			);
			path = Shared;
			sourceTree = "<group>";
		};
		863232E2257D738900514F5A /* Networking */ = {
			isa = PBXGroup;
			children = (
				863232F5257D7BB700514F5A /* APIManager.swift */,
				863232F8257D7BE300514F5A /* APIRouter.swift */,
				86323304257D83DA00514F5A /* HttpBody.swift */,
			);
			path = Networking;
			sourceTree = "<group>";
		};
		863232E3257D739500514F5A /* Utilities */ = {
			isa = PBXGroup;
			children = (
				863232FB257D82DB00514F5A /* Constants.swift */,
				86323301257D83A400514F5A /* ValidatorManager.swift */,
			);
			path = Utilities;
			sourceTree = "<group>";
		};
		863232E4257D73B300514F5A /* Extensions */ = {
			isa = PBXGroup;
			children = (
				8632330E257D86A000514F5A /* UIViewController+Alert.swift */,
				86323311257D86BE00514F5A /* UIView+Loader.swift */,
				86323314257D86EA00514F5A /* String+trimming.swift */,
				86323317257D878A00514F5A /* UIViewController+Storyboard.swift */,
			);
			path = Extensions;
			sourceTree = "<group>";
		};
		863232E6257D73DF00514F5A /* Model */ = {
			isa = PBXGroup;
			children = (
			);
			path = Model;
			sourceTree = "<group>";
		};
		863232E7257D73F700514F5A /* Managers */ = {
			isa = PBXGroup;
			children = (
				863232FE257D835F00514F5A /* UserDefaultsManager.swift */,
			);
			path = Managers;
			sourceTree = "<group>";
		};
		863232E8257D742200514F5A /* ViewModel */ = {
			isa = PBXGroup;
			children = (
			);
			path = ViewModel;
			sourceTree = "<group>";
		};
		863232E9257D74ED00514F5A /* View */ = {
			isa = PBXGroup;
			children = (
				863232D0257D733C00514F5A /* ViewController.swift */,
			);
			path = View;
			sourceTree = "<group>";
		};
		863232EA257D758200514F5A /* Resources */ = {
			isa = PBXGroup;
			children = (
				863232EC257D75E100514F5A /* Storyboard */,
				863232EB257D75BC00514F5A /* Assets */,
				863232D7257D733D00514F5A /* LaunchScreen.storyboard */,
			);
			path = Resources;
			sourceTree = "<group>";
		};
		863232EB257D75BC00514F5A /* Assets */ = {
			isa = PBXGroup;
			children = (
				863232D5257D733D00514F5A /* Assets.xcassets */,
			);
			path = Assets;
			sourceTree = "<group>";
		};
		863232EC257D75E100514F5A /* Storyboard */ = {
			isa = PBXGroup;
			children = (
				863232D2257D733C00514F5A /* Main.storyboard */,
			);
			path = Storyboard;
			sourceTree = "<group>";
		};
/* End PBXGroup section */

/* Begin PBXNativeTarget section */
		863232C8257D733C00514F5A /* IDEHospital */ = {
			isa = PBXNativeTarget;
			buildConfigurationList = 863232DD257D733D00514F5A /* Build configuration list for PBXNativeTarget "IDEHospital" */;
			buildPhases = (
				1C7F9AD7A9E5FD31BCA7751E /* [CP] Check Pods Manifest.lock */,
				863232C5257D733C00514F5A /* Sources */,
				863232C6257D733C00514F5A /* Frameworks */,
				863232C7257D733C00514F5A /* Resources */,
				BC61826CFD7D3EDC1D70F1C7 /* [CP] Embed Pods Frameworks */,
			);
			buildRules = (
			);
			dependencies = (
			);
			name = IDEHospital;
			productName = IDEHospital;
			productReference = 863232C9257D733C00514F5A /* IDEHospital.app */;
			productType = "com.apple.product-type.application";
		};
/* End PBXNativeTarget section */

/* Begin PBXProject section */
		863232C1257D733C00514F5A /* Project object */ = {
			isa = PBXProject;
			attributes = {
				LastSwiftUpdateCheck = 1220;
				LastUpgradeCheck = 1220;
				TargetAttributes = {
					863232C8257D733C00514F5A = {
						CreatedOnToolsVersion = 12.2;
					};
				};
			};
			buildConfigurationList = 863232C4257D733C00514F5A /* Build configuration list for PBXProject "IDEHospital" */;
			compatibilityVersion = "Xcode 9.3";
			developmentRegion = en;
			hasScannedForEncodings = 0;
			knownRegions = (
				en,
				Base,
			);
			mainGroup = 863232C0257D733C00514F5A;
			productRefGroup = 863232CA257D733C00514F5A /* Products */;
			projectDirPath = "";
			projectRoot = "";
			targets = (
				863232C8257D733C00514F5A /* IDEHospital */,
			);
		};
/* End PBXProject section */

/* Begin PBXResourcesBuildPhase section */
		863232C7257D733C00514F5A /* Resources */ = {
			isa = PBXResourcesBuildPhase;
			buildActionMask = 2147483647;
			files = (
				863232D9257D733D00514F5A /* LaunchScreen.storyboard in Resources */,
				863232D6257D733D00514F5A /* Assets.xcassets in Resources */,
				863232D4257D733C00514F5A /* Main.storyboard in Resources */,
			);
			runOnlyForDeploymentPostprocessing = 0;
		};
/* End PBXResourcesBuildPhase section */

/* Begin PBXShellScriptBuildPhase section */
		1C7F9AD7A9E5FD31BCA7751E /* [CP] Check Pods Manifest.lock */ = {
			isa = PBXShellScriptBuildPhase;
			buildActionMask = 2147483647;
			files = (
			);
			inputFileListPaths = (
			);
			inputPaths = (
				"${PODS_PODFILE_DIR_PATH}/Podfile.lock",
				"${PODS_ROOT}/Manifest.lock",
			);
			name = "[CP] Check Pods Manifest.lock";
			outputFileListPaths = (
			);
			outputPaths = (
				"$(DERIVED_FILE_DIR)/Pods-IDEHospital-checkManifestLockResult.txt",
			);
			runOnlyForDeploymentPostprocessing = 0;
			shellPath = /bin/sh;
			shellScript = "diff \"${PODS_PODFILE_DIR_PATH}/Podfile.lock\" \"${PODS_ROOT}/Manifest.lock\" > /dev/null\nif [ $? != 0 ] ; then\n    # print error to STDERR\n    echo \"error: The sandbox is not in sync with the Podfile.lock. Run 'pod install' or update your CocoaPods installation.\" >&2\n    exit 1\nfi\n# This output is used by Xcode 'outputs' to avoid re-running this script phase.\necho \"SUCCESS\" > \"${SCRIPT_OUTPUT_FILE_0}\"\n";
			showEnvVarsInLog = 0;
		};
		BC61826CFD7D3EDC1D70F1C7 /* [CP] Embed Pods Frameworks */ = {
			isa = PBXShellScriptBuildPhase;
			buildActionMask = 2147483647;
			files = (
			);
			inputFileListPaths = (
				"${PODS_ROOT}/Target Support Files/Pods-IDEHospital/Pods-IDEHospital-frameworks-${CONFIGURATION}-input-files.xcfilelist",
			);
			name = "[CP] Embed Pods Frameworks";
			outputFileListPaths = (
				"${PODS_ROOT}/Target Support Files/Pods-IDEHospital/Pods-IDEHospital-frameworks-${CONFIGURATION}-output-files.xcfilelist",
			);
			runOnlyForDeploymentPostprocessing = 0;
			shellPath = /bin/sh;
			shellScript = "\"${PODS_ROOT}/Target Support Files/Pods-IDEHospital/Pods-IDEHospital-frameworks.sh\"\n";
			showEnvVarsInLog = 0;
		};
/* End PBXShellScriptBuildPhase section */

/* Begin PBXSourcesBuildPhase section */
		863232C5257D733C00514F5A /* Sources */ = {
			isa = PBXSourcesBuildPhase;
			buildActionMask = 2147483647;
			files = (
				863232FC257D82DB00514F5A /* Constants.swift in Sources */,
				863232F6257D7BB700514F5A /* APIManager.swift in Sources */,
				863232FF257D835F00514F5A /* UserDefaultsManager.swift in Sources */,
				863232F9257D7BE300514F5A /* APIRouter.swift in Sources */,
				8632330F257D86A000514F5A /* UIViewController+Alert.swift in Sources */,
				86323312257D86BE00514F5A /* UIView+Loader.swift in Sources */,
				863232D1257D733C00514F5A /* ViewController.swift in Sources */,
				86323315257D86EA00514F5A /* String+trimming.swift in Sources */,
				86323302257D83A400514F5A /* ValidatorManager.swift in Sources */,
				863232CD257D733C00514F5A /* AppDelegate.swift in Sources */,
				86323305257D83DA00514F5A /* HttpBody.swift in Sources */,
				86323318257D878A00514F5A /* UIViewController+Storyboard.swift in Sources */,
			);
			runOnlyForDeploymentPostprocessing = 0;
		};
/* End PBXSourcesBuildPhase section */

/* Begin PBXVariantGroup section */
		863232D2257D733C00514F5A /* Main.storyboard */ = {
			isa = PBXVariantGroup;
			children = (
				863232D3257D733C00514F5A /* Base */,
			);
			name = Main.storyboard;
			sourceTree = "<group>";
		};
		863232D7257D733D00514F5A /* LaunchScreen.storyboard */ = {
			isa = PBXVariantGroup;
			children = (
				863232D8257D733D00514F5A /* Base */,
			);
			name = LaunchScreen.storyboard;
			sourceTree = "<group>";
		};
/* End PBXVariantGroup section */

/* Begin XCBuildConfiguration section */
		863232DB257D733D00514F5A /* Debug */ = {
			isa = XCBuildConfiguration;
			buildSettings = {
				ALWAYS_SEARCH_USER_PATHS = NO;
				CLANG_ANALYZER_NONNULL = YES;
				CLANG_ANALYZER_NUMBER_OBJECT_CONVERSION = YES_AGGRESSIVE;
				CLANG_CXX_LANGUAGE_STANDARD = "gnu++14";
				CLANG_CXX_LIBRARY = "libc++";
				CLANG_ENABLE_MODULES = YES;
				CLANG_ENABLE_OBJC_ARC = YES;
				CLANG_ENABLE_OBJC_WEAK = YES;
				CLANG_WARN_BLOCK_CAPTURE_AUTORELEASING = YES;
				CLANG_WARN_BOOL_CONVERSION = YES;
				CLANG_WARN_COMMA = YES;
				CLANG_WARN_CONSTANT_CONVERSION = YES;
				CLANG_WARN_DEPRECATED_OBJC_IMPLEMENTATIONS = YES;
				CLANG_WARN_DIRECT_OBJC_ISA_USAGE = YES_ERROR;
				CLANG_WARN_DOCUMENTATION_COMMENTS = YES;
				CLANG_WARN_EMPTY_BODY = YES;
				CLANG_WARN_ENUM_CONVERSION = YES;
				CLANG_WARN_INFINITE_RECURSION = YES;
				CLANG_WARN_INT_CONVERSION = YES;
				CLANG_WARN_NON_LITERAL_NULL_CONVERSION = YES;
				CLANG_WARN_OBJC_IMPLICIT_RETAIN_SELF = YES;
				CLANG_WARN_OBJC_LITERAL_CONVERSION = YES;
				CLANG_WARN_OBJC_ROOT_CLASS = YES_ERROR;
				CLANG_WARN_QUOTED_INCLUDE_IN_FRAMEWORK_HEADER = YES;
				CLANG_WARN_RANGE_LOOP_ANALYSIS = YES;
				CLANG_WARN_STRICT_PROTOTYPES = YES;
				CLANG_WARN_SUSPICIOUS_MOVE = YES;
				CLANG_WARN_UNGUARDED_AVAILABILITY = YES_AGGRESSIVE;
				CLANG_WARN_UNREACHABLE_CODE = YES;
				CLANG_WARN__DUPLICATE_METHOD_MATCH = YES;
				COPY_PHASE_STRIP = NO;
				DEBUG_INFORMATION_FORMAT = dwarf;
				ENABLE_STRICT_OBJC_MSGSEND = YES;
				ENABLE_TESTABILITY = YES;
				GCC_C_LANGUAGE_STANDARD = gnu11;
				GCC_DYNAMIC_NO_PIC = NO;
				GCC_NO_COMMON_BLOCKS = YES;
				GCC_OPTIMIZATION_LEVEL = 0;
				GCC_PREPROCESSOR_DEFINITIONS = (
					"DEBUG=1",
					"$(inherited)",
				);
				GCC_WARN_64_TO_32_BIT_CONVERSION = YES;
				GCC_WARN_ABOUT_RETURN_TYPE = YES_ERROR;
				GCC_WARN_UNDECLARED_SELECTOR = YES;
				GCC_WARN_UNINITIALIZED_AUTOS = YES_AGGRESSIVE;
				GCC_WARN_UNUSED_FUNCTION = YES;
				GCC_WARN_UNUSED_VARIABLE = YES;
				IPHONEOS_DEPLOYMENT_TARGET = 14.2;
				MTL_ENABLE_DEBUG_INFO = INCLUDE_SOURCE;
				MTL_FAST_MATH = YES;
				ONLY_ACTIVE_ARCH = YES;
				SDKROOT = iphoneos;
				SWIFT_ACTIVE_COMPILATION_CONDITIONS = DEBUG;
				SWIFT_OPTIMIZATION_LEVEL = "-Onone";
			};
			name = Debug;
		};
		863232DC257D733D00514F5A /* Release */ = {
			isa = XCBuildConfiguration;
			buildSettings = {
				ALWAYS_SEARCH_USER_PATHS = NO;
				CLANG_ANALYZER_NONNULL = YES;
				CLANG_ANALYZER_NUMBER_OBJECT_CONVERSION = YES_AGGRESSIVE;
				CLANG_CXX_LANGUAGE_STANDARD = "gnu++14";
				CLANG_CXX_LIBRARY = "libc++";
				CLANG_ENABLE_MODULES = YES;
				CLANG_ENABLE_OBJC_ARC = YES;
				CLANG_ENABLE_OBJC_WEAK = YES;
				CLANG_WARN_BLOCK_CAPTURE_AUTORELEASING = YES;
				CLANG_WARN_BOOL_CONVERSION = YES;
				CLANG_WARN_COMMA = YES;
				CLANG_WARN_CONSTANT_CONVERSION = YES;
				CLANG_WARN_DEPRECATED_OBJC_IMPLEMENTATIONS = YES;
				CLANG_WARN_DIRECT_OBJC_ISA_USAGE = YES_ERROR;
				CLANG_WARN_DOCUMENTATION_COMMENTS = YES;
				CLANG_WARN_EMPTY_BODY = YES;
				CLANG_WARN_ENUM_CONVERSION = YES;
				CLANG_WARN_INFINITE_RECURSION = YES;
				CLANG_WARN_INT_CONVERSION = YES;
				CLANG_WARN_NON_LITERAL_NULL_CONVERSION = YES;
				CLANG_WARN_OBJC_IMPLICIT_RETAIN_SELF = YES;
				CLANG_WARN_OBJC_LITERAL_CONVERSION = YES;
				CLANG_WARN_OBJC_ROOT_CLASS = YES_ERROR;
				CLANG_WARN_QUOTED_INCLUDE_IN_FRAMEWORK_HEADER = YES;
				CLANG_WARN_RANGE_LOOP_ANALYSIS = YES;
				CLANG_WARN_STRICT_PROTOTYPES = YES;
				CLANG_WARN_SUSPICIOUS_MOVE = YES;
				CLANG_WARN_UNGUARDED_AVAILABILITY = YES_AGGRESSIVE;
				CLANG_WARN_UNREACHABLE_CODE = YES;
				CLANG_WARN__DUPLICATE_METHOD_MATCH = YES;
				COPY_PHASE_STRIP = NO;
				DEBUG_INFORMATION_FORMAT = "dwarf-with-dsym";
				ENABLE_NS_ASSERTIONS = NO;
				ENABLE_STRICT_OBJC_MSGSEND = YES;
				GCC_C_LANGUAGE_STANDARD = gnu11;
				GCC_NO_COMMON_BLOCKS = YES;
				GCC_WARN_64_TO_32_BIT_CONVERSION = YES;
				GCC_WARN_ABOUT_RETURN_TYPE = YES_ERROR;
				GCC_WARN_UNDECLARED_SELECTOR = YES;
				GCC_WARN_UNINITIALIZED_AUTOS = YES_AGGRESSIVE;
				GCC_WARN_UNUSED_FUNCTION = YES;
				GCC_WARN_UNUSED_VARIABLE = YES;
				IPHONEOS_DEPLOYMENT_TARGET = 14.2;
				MTL_ENABLE_DEBUG_INFO = NO;
				MTL_FAST_MATH = YES;
				SDKROOT = iphoneos;
				SWIFT_COMPILATION_MODE = wholemodule;
				SWIFT_OPTIMIZATION_LEVEL = "-O";
				VALIDATE_PRODUCT = YES;
			};
			name = Release;
		};
		863232DE257D733D00514F5A /* Debug */ = {
			isa = XCBuildConfiguration;
			baseConfigurationReference = EB534F8EC6442A45ACC19CEC /* Pods-IDEHospital.debug.xcconfig */;
			buildSettings = {
				ASSETCATALOG_COMPILER_APPICON_NAME = AppIcon;
				ASSETCATALOG_COMPILER_GLOBAL_ACCENT_COLOR_NAME = AccentColor;
				CODE_SIGN_STYLE = Automatic;
				DEVELOPMENT_TEAM = 5FFZ3X9GMU;
				INFOPLIST_FILE = IDEHospital/Info.plist;
				LD_RUNPATH_SEARCH_PATHS = (
					"$(inherited)",
					"@executable_path/Frameworks",
				);
				PRODUCT_BUNDLE_IDENTIFIER = www.delgation.com.IDEHospital;
				PRODUCT_NAME = "$(TARGET_NAME)";
				SWIFT_VERSION = 5.0;
				TARGETED_DEVICE_FAMILY = "1,2";
			};
			name = Debug;
		};
		863232DF257D733D00514F5A /* Release */ = {
			isa = XCBuildConfiguration;
			baseConfigurationReference = 7A1613DADFF92904C35C9FE2 /* Pods-IDEHospital.release.xcconfig */;
			buildSettings = {
				ASSETCATALOG_COMPILER_APPICON_NAME = AppIcon;
				ASSETCATALOG_COMPILER_GLOBAL_ACCENT_COLOR_NAME = AccentColor;
				CODE_SIGN_STYLE = Automatic;
				DEVELOPMENT_TEAM = 5FFZ3X9GMU;
				INFOPLIST_FILE = IDEHospital/Info.plist;
				LD_RUNPATH_SEARCH_PATHS = (
					"$(inherited)",
					"@executable_path/Frameworks",
				);
				PRODUCT_BUNDLE_IDENTIFIER = www.delgation.com.IDEHospital;
				PRODUCT_NAME = "$(TARGET_NAME)";
				SWIFT_VERSION = 5.0;
				TARGETED_DEVICE_FAMILY = "1,2";
			};
			name = Release;
		};
/* End XCBuildConfiguration section */

/* Begin XCConfigurationList section */
		863232C4257D733C00514F5A /* Build configuration list for PBXProject "IDEHospital" */ = {
			isa = XCConfigurationList;
			buildConfigurations = (
				863232DB257D733D00514F5A /* Debug */,
				863232DC257D733D00514F5A /* Release */,
			);
			defaultConfigurationIsVisible = 0;
			defaultConfigurationName = Release;
		};
		863232DD257D733D00514F5A /* Build configuration list for PBXNativeTarget "IDEHospital" */ = {
			isa = XCConfigurationList;
			buildConfigurations = (
				863232DE257D733D00514F5A /* Debug */,
				863232DF257D733D00514F5A /* Release */,
			);
			defaultConfigurationIsVisible = 0;
			defaultConfigurationName = Release;
		};
/* End XCConfigurationList section */
	};
	rootObject = 863232C1257D733C00514F5A /* Project object */;
}
